// !$*UTF8*$!
{
	archiveVersion = 1;
	classes = {
	};
	objectVersion = 50;
	objects = {

/* Begin PBXBuildFile section */
		056D4C7A0EA112486654F989 /* Pods_iosAppTests.framework in Frameworks */ = {isa = PBXBuildFile; fileRef = CF48D3164D7A87010C4407DD /* Pods_iosAppTests.framework */; };
		31F5D6EE219C7A9500DAB828 /* BaseView.swift in Sources */ = {isa = PBXBuildFile; fileRef = 31F5D6ED219C7A9500DAB828 /* BaseView.swift */; };
		31F5D6F2219C7DCB00DAB828 /* UI.swift in Sources */ = {isa = PBXBuildFile; fileRef = 31F5D6F1219C7DCB00DAB828 /* UI.swift */; };
		57F2888208B470E36A85AE20 /* Pods_app.framework in Frameworks */ = {isa = PBXBuildFile; fileRef = E6F9EA427F3F2FCCCB6841EC /* Pods_app.framework */; };
		A4E623C1BE8D50B4CB7BE815 /* Pods_iosApp.framework in Frameworks */ = {isa = PBXBuildFile; fileRef = 4E44AF6F7829FBE3862CAAAB /* Pods_iosApp.framework */; };
		CA5CDE8C21B4699400A21C24 /* UIViewController+TextField.swift in Sources */ = {isa = PBXBuildFile; fileRef = CA5CDE8B21B4699400A21C24 /* UIViewController+TextField.swift */; };
		CA5CDE8F21B483DD00A21C24 /* UILayer+Color.swift in Sources */ = {isa = PBXBuildFile; fileRef = CA5CDE8E21B483DD00A21C24 /* UILayer+Color.swift */; };
		CA5CDE9121B4856600A21C24 /* Assets.xcassets in Resources */ = {isa = PBXBuildFile; fileRef = CA5CDE9021B4856600A21C24 /* Assets.xcassets */; };
		CA5CDE9421B48AEC00A21C24 /* RobotoMono-Light.ttf in Resources */ = {isa = PBXBuildFile; fileRef = CA5CDE9321B48AEC00A21C24 /* RobotoMono-Light.ttf */; };
		CA5CDE9621B48B7100A21C24 /* RobotoMono-Regular.ttf in Resources */ = {isa = PBXBuildFile; fileRef = CA5CDE9521B48B7100A21C24 /* RobotoMono-Regular.ttf */; };
		F861D7E1207FA40F0085E80D /* AppDelegate.swift in Sources */ = {isa = PBXBuildFile; fileRef = F861D7E0207FA40F0085E80D /* AppDelegate.swift */; };
		F861D7E3207FA40F0085E80D /* ViewController.swift in Sources */ = {isa = PBXBuildFile; fileRef = F861D7E2207FA40F0085E80D /* ViewController.swift */; };
		F861D7E6207FA40F0085E80D /* Main.storyboard in Resources */ = {isa = PBXBuildFile; fileRef = F861D7E4207FA40F0085E80D /* Main.storyboard */; };
		F861D7EB207FA4100085E80D /* LaunchScreen.storyboard in Resources */ = {isa = PBXBuildFile; fileRef = F861D7E9207FA4100085E80D /* LaunchScreen.storyboard */; };
		F861D7F6207FA4100085E80D /* iosAppTests.swift in Sources */ = {isa = PBXBuildFile; fileRef = F861D7F5207FA4100085E80D /* iosAppTests.swift */; };
		F861D80C207FA4200085E80D /* app.framework in Frameworks */ = {isa = PBXBuildFile; fileRef = F861D805207FA4200085E80D /* app.framework */; };
		F861D80D207FA4200085E80D /* app.framework in Embed Frameworks */ = {isa = PBXBuildFile; fileRef = F861D805207FA4200085E80D /* app.framework */; settings = {ATTRIBUTES = (CodeSignOnCopy, RemoveHeadersOnCopy, ); }; };
/* End PBXBuildFile section */

/* Begin PBXContainerItemProxy section */
		F861D7F2207FA4100085E80D /* PBXContainerItemProxy */ = {
			isa = PBXContainerItemProxy;
			containerPortal = F861D7D5207FA40F0085E80D /* Project object */;
			proxyType = 1;
			remoteGlobalIDString = F861D7DC207FA40F0085E80D;
			remoteInfo = iosApp;
		};
		F861D80A207FA4200085E80D /* PBXContainerItemProxy */ = {
			isa = PBXContainerItemProxy;
			containerPortal = F861D7D5207FA40F0085E80D /* Project object */;
			proxyType = 1;
			remoteGlobalIDString = F861D804207FA4200085E80D;
			remoteInfo = app;
		};
/* End PBXContainerItemProxy section */

/* Begin PBXCopyFilesBuildPhase section */
		F861D811207FA4200085E80D /* Embed Frameworks */ = {
			isa = PBXCopyFilesBuildPhase;
			buildActionMask = 2147483647;
			dstPath = "";
			dstSubfolderSpec = 10;
			files = (
				F861D80D207FA4200085E80D /* app.framework in Embed Frameworks */,
			);
			name = "Embed Frameworks";
			runOnlyForDeploymentPostprocessing = 0;
		};
/* End PBXCopyFilesBuildPhase section */

/* Begin PBXFileReference section */
		31F5D6ED219C7A9500DAB828 /* BaseView.swift */ = {isa = PBXFileReference; lastKnownFileType = sourcecode.swift; path = BaseView.swift; sourceTree = "<group>"; };
		31F5D6F1219C7DCB00DAB828 /* UI.swift */ = {isa = PBXFileReference; lastKnownFileType = sourcecode.swift; path = UI.swift; sourceTree = "<group>"; };
		4E44AF6F7829FBE3862CAAAB /* Pods_iosApp.framework */ = {isa = PBXFileReference; explicitFileType = wrapper.framework; includeInIndex = 0; path = Pods_iosApp.framework; sourceTree = BUILT_PRODUCTS_DIR; };
		5E569EE4FA3592292991A393 /* Pods-iosApp.debug.xcconfig */ = {isa = PBXFileReference; includeInIndex = 1; lastKnownFileType = text.xcconfig; name = "Pods-iosApp.debug.xcconfig"; path = "Pods/Target Support Files/Pods-iosApp/Pods-iosApp.debug.xcconfig"; sourceTree = "<group>"; };
		76E6BD9963CC1676192496A6 /* Pods-iosAppTests.release.xcconfig */ = {isa = PBXFileReference; includeInIndex = 1; lastKnownFileType = text.xcconfig; name = "Pods-iosAppTests.release.xcconfig"; path = "Pods/Target Support Files/Pods-iosAppTests/Pods-iosAppTests.release.xcconfig"; sourceTree = "<group>"; };
		76F8EAB9A3C1708123D5A635 /* Pods-iosAppTests.debug.xcconfig */ = {isa = PBXFileReference; includeInIndex = 1; lastKnownFileType = text.xcconfig; name = "Pods-iosAppTests.debug.xcconfig"; path = "Pods/Target Support Files/Pods-iosAppTests/Pods-iosAppTests.debug.xcconfig"; sourceTree = "<group>"; };
		A777AD0801F2C6E78C4A00B7 /* Pods-app.debug.xcconfig */ = {isa = PBXFileReference; includeInIndex = 1; lastKnownFileType = text.xcconfig; name = "Pods-app.debug.xcconfig"; path = "Pods/Target Support Files/Pods-app/Pods-app.debug.xcconfig"; sourceTree = "<group>"; };
		AB20C31AD1A8F977AD01F195 /* Pods-app.release.xcconfig */ = {isa = PBXFileReference; includeInIndex = 1; lastKnownFileType = text.xcconfig; name = "Pods-app.release.xcconfig"; path = "Pods/Target Support Files/Pods-app/Pods-app.release.xcconfig"; sourceTree = "<group>"; };
		BA6CC8EC1727D396EAEB9793 /* Pods-iosApp.release.xcconfig */ = {isa = PBXFileReference; includeInIndex = 1; lastKnownFileType = text.xcconfig; name = "Pods-iosApp.release.xcconfig"; path = "Pods/Target Support Files/Pods-iosApp/Pods-iosApp.release.xcconfig"; sourceTree = "<group>"; };
		CA5CDE8B21B4699400A21C24 /* UIViewController+TextField.swift */ = {isa = PBXFileReference; lastKnownFileType = sourcecode.swift; path = "UIViewController+TextField.swift"; sourceTree = "<group>"; };
		CA5CDE8E21B483DD00A21C24 /* UILayer+Color.swift */ = {isa = PBXFileReference; lastKnownFileType = sourcecode.swift; path = "UILayer+Color.swift"; sourceTree = "<group>"; };
		CA5CDE9021B4856600A21C24 /* Assets.xcassets */ = {isa = PBXFileReference; lastKnownFileType = folder.assetcatalog; path = Assets.xcassets; sourceTree = "<group>"; };
		CA5CDE9321B48AEC00A21C24 /* RobotoMono-Light.ttf */ = {isa = PBXFileReference; lastKnownFileType = file; path = "RobotoMono-Light.ttf"; sourceTree = "<group>"; };
		CA5CDE9521B48B7100A21C24 /* RobotoMono-Regular.ttf */ = {isa = PBXFileReference; lastKnownFileType = file; path = "RobotoMono-Regular.ttf"; sourceTree = "<group>"; };
		CF48D3164D7A87010C4407DD /* Pods_iosAppTests.framework */ = {isa = PBXFileReference; explicitFileType = wrapper.framework; includeInIndex = 0; path = Pods_iosAppTests.framework; sourceTree = BUILT_PRODUCTS_DIR; };
		E6F9EA427F3F2FCCCB6841EC /* Pods_app.framework */ = {isa = PBXFileReference; explicitFileType = wrapper.framework; includeInIndex = 0; path = Pods_app.framework; sourceTree = BUILT_PRODUCTS_DIR; };
		F861D7DD207FA40F0085E80D /* iosApp.app */ = {isa = PBXFileReference; explicitFileType = wrapper.application; includeInIndex = 0; path = iosApp.app; sourceTree = BUILT_PRODUCTS_DIR; };
		F861D7E0207FA40F0085E80D /* AppDelegate.swift */ = {isa = PBXFileReference; lastKnownFileType = sourcecode.swift; path = AppDelegate.swift; sourceTree = "<group>"; };
		F861D7E2207FA40F0085E80D /* ViewController.swift */ = {isa = PBXFileReference; lastKnownFileType = sourcecode.swift; path = ViewController.swift; sourceTree = "<group>"; };
		F861D7E5207FA40F0085E80D /* Base */ = {isa = PBXFileReference; lastKnownFileType = file.storyboard; name = Base; path = Base.lproj/Main.storyboard; sourceTree = "<group>"; };
		F861D7EA207FA4100085E80D /* Base */ = {isa = PBXFileReference; lastKnownFileType = file.storyboard; name = Base; path = Base.lproj/LaunchScreen.storyboard; sourceTree = "<group>"; };
		F861D7EC207FA4100085E80D /* Info.plist */ = {isa = PBXFileReference; lastKnownFileType = text.plist.xml; path = Info.plist; sourceTree = "<group>"; };
		F861D7F1207FA4100085E80D /* iosAppTests.xctest */ = {isa = PBXFileReference; explicitFileType = wrapper.cfbundle; includeInIndex = 0; path = iosAppTests.xctest; sourceTree = BUILT_PRODUCTS_DIR; };
		F861D7F5207FA4100085E80D /* iosAppTests.swift */ = {isa = PBXFileReference; lastKnownFileType = sourcecode.swift; path = iosAppTests.swift; sourceTree = "<group>"; };
		F861D7F7207FA4100085E80D /* Info.plist */ = {isa = PBXFileReference; lastKnownFileType = text.plist.xml; path = Info.plist; sourceTree = "<group>"; };
		F861D805207FA4200085E80D /* app.framework */ = {isa = PBXFileReference; explicitFileType = wrapper.framework; includeInIndex = 0; path = app.framework; sourceTree = BUILT_PRODUCTS_DIR; };
		F861D813207FA4520085E80D /* app */ = {isa = PBXFileReference; lastKnownFileType = folder; name = app; path = ../app; sourceTree = "<group>"; };
/* End PBXFileReference section */

/* Begin PBXFrameworksBuildPhase section */
		5F6E3A7C66A5CE2EA6ECB580 /* Frameworks */ = {
			isa = PBXFrameworksBuildPhase;
			buildActionMask = 2147483647;
			files = (
				57F2888208B470E36A85AE20 /* Pods_app.framework in Frameworks */,
			);
			runOnlyForDeploymentPostprocessing = 0;
		};
		F861D7DA207FA40F0085E80D /* Frameworks */ = {
			isa = PBXFrameworksBuildPhase;
			buildActionMask = 2147483647;
			files = (
				F861D80C207FA4200085E80D /* app.framework in Frameworks */,
				A4E623C1BE8D50B4CB7BE815 /* Pods_iosApp.framework in Frameworks */,
			);
			runOnlyForDeploymentPostprocessing = 0;
		};
		F861D7EE207FA4100085E80D /* Frameworks */ = {
			isa = PBXFrameworksBuildPhase;
			buildActionMask = 2147483647;
			files = (
				056D4C7A0EA112486654F989 /* Pods_iosAppTests.framework in Frameworks */,
			);
			runOnlyForDeploymentPostprocessing = 0;
		};
/* End PBXFrameworksBuildPhase section */

/* Begin PBXGroup section */
		04AB7158CC5FA048FBC61189 /* Pods */ = {
			isa = PBXGroup;
			children = (
				A777AD0801F2C6E78C4A00B7 /* Pods-app.debug.xcconfig */,
				AB20C31AD1A8F977AD01F195 /* Pods-app.release.xcconfig */,
				5E569EE4FA3592292991A393 /* Pods-iosApp.debug.xcconfig */,
				BA6CC8EC1727D396EAEB9793 /* Pods-iosApp.release.xcconfig */,
				76F8EAB9A3C1708123D5A635 /* Pods-iosAppTests.debug.xcconfig */,
				76E6BD9963CC1676192496A6 /* Pods-iosAppTests.release.xcconfig */,
			);
			name = Pods;
			sourceTree = "<group>";
		};
		CA5CDE8921B4692500A21C24 /* Extensions */ = {
			isa = PBXGroup;
			children = (
				CA5CDE8D21B4838D00A21C24 /* UILayer */,
				CA5CDE8A21B4693B00A21C24 /* UIViewController */,
			);
			path = Extensions;
			sourceTree = "<group>";
		};
		CA5CDE8A21B4693B00A21C24 /* UIViewController */ = {
			isa = PBXGroup;
			children = (
				CA5CDE8B21B4699400A21C24 /* UIViewController+TextField.swift */,
			);
			path = UIViewController;
			sourceTree = "<group>";
		};
		CA5CDE8D21B4838D00A21C24 /* UILayer */ = {
			isa = PBXGroup;
			children = (
				CA5CDE8E21B483DD00A21C24 /* UILayer+Color.swift */,
			);
			path = UILayer;
			sourceTree = "<group>";
		};
		CA5CDE9221B48AC700A21C24 /* Fonts */ = {
			isa = PBXGroup;
			children = (
				CA5CDE9321B48AEC00A21C24 /* RobotoMono-Light.ttf */,
				CA5CDE9521B48B7100A21C24 /* RobotoMono-Regular.ttf */,
			);
			path = Fonts;
			sourceTree = "<group>";
		};
		F861D7D4207FA40F0085E80D = {
			isa = PBXGroup;
			children = (
				F861D813207FA4520085E80D /* app */,
				F861D7DF207FA40F0085E80D /* iosApp */,
				F861D7F4207FA4100085E80D /* iosAppTests */,
				F861D7DE207FA40F0085E80D /* Products */,
				04AB7158CC5FA048FBC61189 /* Pods */,
				FAD6F5D46EEAB3109315D5E4 /* Frameworks */,
			);
			sourceTree = "<group>";
		};
		F861D7DE207FA40F0085E80D /* Products */ = {
			isa = PBXGroup;
			children = (
				F861D7DD207FA40F0085E80D /* iosApp.app */,
				F861D7F1207FA4100085E80D /* iosAppTests.xctest */,
				F861D805207FA4200085E80D /* app.framework */,
			);
			name = Products;
			sourceTree = "<group>";
		};
		F861D7DF207FA40F0085E80D /* iosApp */ = {
			isa = PBXGroup;
			children = (
				CA5CDE9221B48AC700A21C24 /* Fonts */,
				CA5CDE8921B4692500A21C24 /* Extensions */,
				F861D7E0207FA40F0085E80D /* AppDelegate.swift */,
				F861D7E2207FA40F0085E80D /* ViewController.swift */,
				F861D7E4207FA40F0085E80D /* Main.storyboard */,
				F861D7E9207FA4100085E80D /* LaunchScreen.storyboard */,
				F861D7EC207FA4100085E80D /* Info.plist */,
				31F5D6ED219C7A9500DAB828 /* BaseView.swift */,
				31F5D6F1219C7DCB00DAB828 /* UI.swift */,
				CA5CDE9021B4856600A21C24 /* Assets.xcassets */,
			);
			path = iosApp;
			sourceTree = "<group>";
		};
		F861D7F4207FA4100085E80D /* iosAppTests */ = {
			isa = PBXGroup;
			children = (
				F861D7F5207FA4100085E80D /* iosAppTests.swift */,
				F861D7F7207FA4100085E80D /* Info.plist */,
			);
			path = iosAppTests;
			sourceTree = "<group>";
		};
		FAD6F5D46EEAB3109315D5E4 /* Frameworks */ = {
			isa = PBXGroup;
			children = (
				E6F9EA427F3F2FCCCB6841EC /* Pods_app.framework */,
				4E44AF6F7829FBE3862CAAAB /* Pods_iosApp.framework */,
				CF48D3164D7A87010C4407DD /* Pods_iosAppTests.framework */,
			);
			name = Frameworks;
			sourceTree = "<group>";
		};
/* End PBXGroup section */

/* Begin PBXNativeTarget section */
		F861D7DC207FA40F0085E80D /* iosApp */ = {
			isa = PBXNativeTarget;
			buildConfigurationList = F861D7FA207FA4100085E80D /* Build configuration list for PBXNativeTarget "iosApp" */;
			buildPhases = (
				7AA7AED70A02F86B0B96E3BC /* [CP] Check Pods Manifest.lock */,
				F861D7D9207FA40F0085E80D /* Sources */,
				F861D7DA207FA40F0085E80D /* Frameworks */,
				F861D7DB207FA40F0085E80D /* Resources */,
				F861D811207FA4200085E80D /* Embed Frameworks */,
				EE58EF33EB79FE2752690D85 /* [CP] Embed Pods Frameworks */,
			);
			buildRules = (
			);
			dependencies = (
				F861D80B207FA4200085E80D /* PBXTargetDependency */,
			);
			name = iosApp;
			productName = iosApp;
			productReference = F861D7DD207FA40F0085E80D /* iosApp.app */;
			productType = "com.apple.product-type.application";
		};
		F861D7F0207FA4100085E80D /* iosAppTests */ = {
			isa = PBXNativeTarget;
			buildConfigurationList = F861D7FD207FA4100085E80D /* Build configuration list for PBXNativeTarget "iosAppTests" */;
			buildPhases = (
				07FA7A6C9347896C05367E4E /* [CP] Check Pods Manifest.lock */,
				F861D7ED207FA4100085E80D /* Sources */,
				F861D7EE207FA4100085E80D /* Frameworks */,
				F861D7EF207FA4100085E80D /* Resources */,
			);
			buildRules = (
			);
			dependencies = (
				F861D7F3207FA4100085E80D /* PBXTargetDependency */,
			);
			name = iosAppTests;
			productName = iosAppTests;
			productReference = F861D7F1207FA4100085E80D /* iosAppTests.xctest */;
			productType = "com.apple.product-type.bundle.unit-test";
		};
		F861D804207FA4200085E80D /* app */ = {
			isa = PBXNativeTarget;
			buildConfigurationList = F861D80E207FA4200085E80D /* Build configuration list for PBXNativeTarget "app" */;
			buildPhases = (
				2FB6616C86CFCED6EAEAB152 /* [CP] Check Pods Manifest.lock */,
				F861D812207FA4320085E80D /* ShellScript */,
				5F6E3A7C66A5CE2EA6ECB580 /* Frameworks */,
			);
			buildRules = (
			);
			dependencies = (
			);
			name = app;
			productName = app;
			productReference = F861D805207FA4200085E80D /* app.framework */;
			productType = "com.apple.product-type.framework";
		};
/* End PBXNativeTarget section */

/* Begin PBXProject section */
		F861D7D5207FA40F0085E80D /* Project object */ = {
			isa = PBXProject;
			attributes = {
				LastSwiftUpdateCheck = 0930;
				LastUpgradeCheck = 0930;
				TargetAttributes = {
					F861D7DC207FA40F0085E80D = {
						CreatedOnToolsVersion = 9.3;
					};
					F861D7F0207FA4100085E80D = {
						CreatedOnToolsVersion = 9.3;
						TestTargetID = F861D7DC207FA40F0085E80D;
					};
					F861D804207FA4200085E80D = {
						CreatedOnToolsVersion = 9.3;
					};
				};
			};
			buildConfigurationList = F861D7D8207FA40F0085E80D /* Build configuration list for PBXProject "iosApp" */;
			compatibilityVersion = "Xcode 9.3";
			developmentRegion = en;
			hasScannedForEncodings = 0;
			knownRegions = (
				en,
				Base,
			);
			mainGroup = F861D7D4207FA40F0085E80D;
			productRefGroup = F861D7DE207FA40F0085E80D /* Products */;
			projectDirPath = "";
			projectRoot = "";
			targets = (
				F861D7DC207FA40F0085E80D /* iosApp */,
				F861D7F0207FA4100085E80D /* iosAppTests */,
				F861D804207FA4200085E80D /* app */,
			);
		};
/* End PBXProject section */

/* Begin PBXResourcesBuildPhase section */
		F861D7DB207FA40F0085E80D /* Resources */ = {
			isa = PBXResourcesBuildPhase;
			buildActionMask = 2147483647;
			files = (
				F861D7EB207FA4100085E80D /* LaunchScreen.storyboard in Resources */,
				CA5CDE9621B48B7100A21C24 /* RobotoMono-Regular.ttf in Resources */,
				CA5CDE9121B4856600A21C24 /* Assets.xcassets in Resources */,
				F861D7E6207FA40F0085E80D /* Main.storyboard in Resources */,
				CA5CDE9421B48AEC00A21C24 /* RobotoMono-Light.ttf in Resources */,
			);
			runOnlyForDeploymentPostprocessing = 0;
		};
		F861D7EF207FA4100085E80D /* Resources */ = {
			isa = PBXResourcesBuildPhase;
			buildActionMask = 2147483647;
			files = (
			);
			runOnlyForDeploymentPostprocessing = 0;
		};
/* End PBXResourcesBuildPhase section */

/* Begin PBXShellScriptBuildPhase section */
		07FA7A6C9347896C05367E4E /* [CP] Check Pods Manifest.lock */ = {
			isa = PBXShellScriptBuildPhase;
			buildActionMask = 2147483647;
			files = (
			);
			inputPaths = (
				"${PODS_PODFILE_DIR_PATH}/Podfile.lock",
				"${PODS_ROOT}/Manifest.lock",
			);
			name = "[CP] Check Pods Manifest.lock";
			outputPaths = (
				"$(DERIVED_FILE_DIR)/Pods-iosAppTests-checkManifestLockResult.txt",
			);
			runOnlyForDeploymentPostprocessing = 0;
			shellPath = /bin/sh;
			shellScript = "diff \"${PODS_PODFILE_DIR_PATH}/Podfile.lock\" \"${PODS_ROOT}/Manifest.lock\" > /dev/null\nif [ $? != 0 ] ; then\n    # print error to STDERR\n    echo \"error: The sandbox is not in sync with the Podfile.lock. Run 'pod install' or update your CocoaPods installation.\" >&2\n    exit 1\nfi\n# This output is used by Xcode 'outputs' to avoid re-running this script phase.\necho \"SUCCESS\" > \"${SCRIPT_OUTPUT_FILE_0}\"\n";
			showEnvVarsInLog = 0;
		};
		2FB6616C86CFCED6EAEAB152 /* [CP] Check Pods Manifest.lock */ = {
			isa = PBXShellScriptBuildPhase;
			buildActionMask = 2147483647;
			files = (
			);
			inputPaths = (
				"${PODS_PODFILE_DIR_PATH}/Podfile.lock",
				"${PODS_ROOT}/Manifest.lock",
			);
			name = "[CP] Check Pods Manifest.lock";
			outputPaths = (
				"$(DERIVED_FILE_DIR)/Pods-app-checkManifestLockResult.txt",
			);
			runOnlyForDeploymentPostprocessing = 0;
			shellPath = /bin/sh;
			shellScript = "diff \"${PODS_PODFILE_DIR_PATH}/Podfile.lock\" \"${PODS_ROOT}/Manifest.lock\" > /dev/null\nif [ $? != 0 ] ; then\n    # print error to STDERR\n    echo \"error: The sandbox is not in sync with the Podfile.lock. Run 'pod install' or update your CocoaPods installation.\" >&2\n    exit 1\nfi\n# This output is used by Xcode 'outputs' to avoid re-running this script phase.\necho \"SUCCESS\" > \"${SCRIPT_OUTPUT_FILE_0}\"\n";
			showEnvVarsInLog = 0;
		};
		7AA7AED70A02F86B0B96E3BC /* [CP] Check Pods Manifest.lock */ = {
			isa = PBXShellScriptBuildPhase;
			buildActionMask = 2147483647;
			files = (
			);
			inputPaths = (
				"${PODS_PODFILE_DIR_PATH}/Podfile.lock",
				"${PODS_ROOT}/Manifest.lock",
			);
			name = "[CP] Check Pods Manifest.lock";
			outputPaths = (
				"$(DERIVED_FILE_DIR)/Pods-iosApp-checkManifestLockResult.txt",
			);
			runOnlyForDeploymentPostprocessing = 0;
			shellPath = /bin/sh;
			shellScript = "diff \"${PODS_PODFILE_DIR_PATH}/Podfile.lock\" \"${PODS_ROOT}/Manifest.lock\" > /dev/null\nif [ $? != 0 ] ; then\n    # print error to STDERR\n    echo \"error: The sandbox is not in sync with the Podfile.lock. Run 'pod install' or update your CocoaPods installation.\" >&2\n    exit 1\nfi\n# This output is used by Xcode 'outputs' to avoid re-running this script phase.\necho \"SUCCESS\" > \"${SCRIPT_OUTPUT_FILE_0}\"\n";
			showEnvVarsInLog = 0;
		};
		EE58EF33EB79FE2752690D85 /* [CP] Embed Pods Frameworks */ = {
			isa = PBXShellScriptBuildPhase;
			buildActionMask = 2147483647;
			files = (
			);
			inputPaths = (
				"${SRCROOT}/Pods/Target Support Files/Pods-iosApp/Pods-iosApp-frameworks.sh",
				"${BUILT_PRODUCTS_DIR}/Kingfisher/Kingfisher.framework",
			);
			name = "[CP] Embed Pods Frameworks";
			outputPaths = (
				"${TARGET_BUILD_DIR}/${FRAMEWORKS_FOLDER_PATH}/Kingfisher.framework",
			);
			runOnlyForDeploymentPostprocessing = 0;
			shellPath = /bin/sh;
			shellScript = "\"${SRCROOT}/Pods/Target Support Files/Pods-iosApp/Pods-iosApp-frameworks.sh\"\n";
			showEnvVarsInLog = 0;
		};
		F861D812207FA4320085E80D /* ShellScript */ = {
			isa = PBXShellScriptBuildPhase;
			buildActionMask = 2147483647;
			files = (
			);
			inputPaths = (
			);
			outputPaths = (
			);
			runOnlyForDeploymentPostprocessing = 0;
			shellPath = /bin/sh;
			shellScript = "\"$SRCROOT/../gradlew\" -p \"$SRCROOT/../app\" copyFramework \\\n-Pconfiguration.build.dir=\"$CONFIGURATION_BUILD_DIR\"          \\\n-Pkotlin.build.type=\"$KOTLIN_BUILD_TYPE\"                      \\\n-Pkotlin.target=\"$KOTLIN_TARGET\"\n";
		};
/* End PBXShellScriptBuildPhase section */

/* Begin PBXSourcesBuildPhase section */
		F861D7D9207FA40F0085E80D /* Sources */ = {
			isa = PBXSourcesBuildPhase;
			buildActionMask = 2147483647;
			files = (
				31F5D6EE219C7A9500DAB828 /* BaseView.swift in Sources */,
				31F5D6F2219C7DCB00DAB828 /* UI.swift in Sources */,
				F861D7E3207FA40F0085E80D /* ViewController.swift in Sources */,
				CA5CDE8F21B483DD00A21C24 /* UILayer+Color.swift in Sources */,
				F861D7E1207FA40F0085E80D /* AppDelegate.swift in Sources */,
				CA5CDE8C21B4699400A21C24 /* UIViewController+TextField.swift in Sources */,
			);
			runOnlyForDeploymentPostprocessing = 0;
		};
		F861D7ED207FA4100085E80D /* Sources */ = {
			isa = PBXSourcesBuildPhase;
			buildActionMask = 2147483647;
			files = (
				F861D7F6207FA4100085E80D /* iosAppTests.swift in Sources */,
			);
			runOnlyForDeploymentPostprocessing = 0;
		};
/* End PBXSourcesBuildPhase section */

/* Begin PBXTargetDependency section */
		F861D7F3207FA4100085E80D /* PBXTargetDependency */ = {
			isa = PBXTargetDependency;
			target = F861D7DC207FA40F0085E80D /* iosApp */;
			targetProxy = F861D7F2207FA4100085E80D /* PBXContainerItemProxy */;
		};
		F861D80B207FA4200085E80D /* PBXTargetDependency */ = {
			isa = PBXTargetDependency;
			target = F861D804207FA4200085E80D /* app */;
			targetProxy = F861D80A207FA4200085E80D /* PBXContainerItemProxy */;
		};
/* End PBXTargetDependency section */

/* Begin PBXVariantGroup section */
		F861D7E4207FA40F0085E80D /* Main.storyboard */ = {
			isa = PBXVariantGroup;
			children = (
				F861D7E5207FA40F0085E80D /* Base */,
			);
			name = Main.storyboard;
			sourceTree = "<group>";
		};
		F861D7E9207FA4100085E80D /* LaunchScreen.storyboard */ = {
			isa = PBXVariantGroup;
			children = (
				F861D7EA207FA4100085E80D /* Base */,
			);
			name = LaunchScreen.storyboard;
			sourceTree = "<group>";
		};
/* End PBXVariantGroup section */

/* Begin XCBuildConfiguration section */
		F861D7F8207FA4100085E80D /* Debug */ = {
			isa = XCBuildConfiguration;
			buildSettings = {
				ALWAYS_SEARCH_USER_PATHS = NO;
				CLANG_ANALYZER_NONNULL = YES;
				CLANG_ANALYZER_NUMBER_OBJECT_CONVERSION = YES_AGGRESSIVE;
				CLANG_CXX_LANGUAGE_STANDARD = "gnu++14";
				CLANG_CXX_LIBRARY = "libc++";
				CLANG_ENABLE_MODULES = YES;
				CLANG_ENABLE_OBJC_ARC = YES;
				CLANG_ENABLE_OBJC_WEAK = YES;
				CLANG_WARN_BLOCK_CAPTURE_AUTORELEASING = YES;
				CLANG_WARN_BOOL_CONVERSION = YES;
				CLANG_WARN_COMMA = YES;
				CLANG_WARN_CONSTANT_CONVERSION = YES;
				CLANG_WARN_DEPRECATED_OBJC_IMPLEMENTATIONS = YES;
				CLANG_WARN_DIRECT_OBJC_ISA_USAGE = YES_ERROR;
				CLANG_WARN_DOCUMENTATION_COMMENTS = YES;
				CLANG_WARN_EMPTY_BODY = YES;
				CLANG_WARN_ENUM_CONVERSION = YES;
				CLANG_WARN_INFINITE_RECURSION = YES;
				CLANG_WARN_INT_CONVERSION = YES;
				CLANG_WARN_NON_LITERAL_NULL_CONVERSION = YES;
				CLANG_WARN_OBJC_IMPLICIT_RETAIN_SELF = YES;
				CLANG_WARN_OBJC_LITERAL_CONVERSION = YES;
				CLANG_WARN_OBJC_ROOT_CLASS = YES_ERROR;
				CLANG_WARN_RANGE_LOOP_ANALYSIS = YES;
				CLANG_WARN_STRICT_PROTOTYPES = YES;
				CLANG_WARN_SUSPICIOUS_MOVE = YES;
				CLANG_WARN_UNGUARDED_AVAILABILITY = YES_AGGRESSIVE;
				CLANG_WARN_UNREACHABLE_CODE = YES;
				CLANG_WARN__DUPLICATE_METHOD_MATCH = YES;
				CODE_SIGN_IDENTITY = "iPhone Developer";
				COPY_PHASE_STRIP = NO;
				DEBUG_INFORMATION_FORMAT = dwarf;
				ENABLE_BITCODE = NO;
				ENABLE_STRICT_OBJC_MSGSEND = YES;
				ENABLE_TESTABILITY = YES;
				GCC_C_LANGUAGE_STANDARD = gnu11;
				GCC_DYNAMIC_NO_PIC = NO;
				GCC_NO_COMMON_BLOCKS = YES;
				GCC_OPTIMIZATION_LEVEL = 0;
				GCC_PREPROCESSOR_DEFINITIONS = (
					"DEBUG=1",
					"$(inherited)",
				);
				GCC_WARN_64_TO_32_BIT_CONVERSION = YES;
				GCC_WARN_ABOUT_RETURN_TYPE = YES_ERROR;
				GCC_WARN_UNDECLARED_SELECTOR = YES;
				GCC_WARN_UNINITIALIZED_AUTOS = YES_AGGRESSIVE;
				GCC_WARN_UNUSED_FUNCTION = YES;
				GCC_WARN_UNUSED_VARIABLE = YES;
				IPHONEOS_DEPLOYMENT_TARGET = 11.3;
				MTL_ENABLE_DEBUG_INFO = YES;
				ONLY_ACTIVE_ARCH = YES;
				OTHER_LDFLAGS = "-v";
				SDKROOT = iphoneos;
				SWIFT_ACTIVE_COMPILATION_CONDITIONS = DEBUG;
				SWIFT_OPTIMIZATION_LEVEL = "-Onone";
			};
			name = Debug;
		};
		F861D7F9207FA4100085E80D /* Release */ = {
			isa = XCBuildConfiguration;
			buildSettings = {
				ALWAYS_SEARCH_USER_PATHS = NO;
				CLANG_ANALYZER_NONNULL = YES;
				CLANG_ANALYZER_NUMBER_OBJECT_CONVERSION = YES_AGGRESSIVE;
				CLANG_CXX_LANGUAGE_STANDARD = "gnu++14";
				CLANG_CXX_LIBRARY = "libc++";
				CLANG_ENABLE_MODULES = YES;
				CLANG_ENABLE_OBJC_ARC = YES;
				CLANG_ENABLE_OBJC_WEAK = YES;
				CLANG_WARN_BLOCK_CAPTURE_AUTORELEASING = YES;
				CLANG_WARN_BOOL_CONVERSION = YES;
				CLANG_WARN_COMMA = YES;
				CLANG_WARN_CONSTANT_CONVERSION = YES;
				CLANG_WARN_DEPRECATED_OBJC_IMPLEMENTATIONS = YES;
				CLANG_WARN_DIRECT_OBJC_ISA_USAGE = YES_ERROR;
				CLANG_WARN_DOCUMENTATION_COMMENTS = YES;
				CLANG_WARN_EMPTY_BODY = YES;
				CLANG_WARN_ENUM_CONVERSION = YES;
				CLANG_WARN_INFINITE_RECURSION = YES;
				CLANG_WARN_INT_CONVERSION = YES;
				CLANG_WARN_NON_LITERAL_NULL_CONVERSION = YES;
				CLANG_WARN_OBJC_IMPLICIT_RETAIN_SELF = YES;
				CLANG_WARN_OBJC_LITERAL_CONVERSION = YES;
				CLANG_WARN_OBJC_ROOT_CLASS = YES_ERROR;
				CLANG_WARN_RANGE_LOOP_ANALYSIS = YES;
				CLANG_WARN_STRICT_PROTOTYPES = YES;
				CLANG_WARN_SUSPICIOUS_MOVE = YES;
				CLANG_WARN_UNGUARDED_AVAILABILITY = YES_AGGRESSIVE;
				CLANG_WARN_UNREACHABLE_CODE = YES;
				CLANG_WARN__DUPLICATE_METHOD_MATCH = YES;
				CODE_SIGN_IDENTITY = "iPhone Developer";
				COPY_PHASE_STRIP = NO;
				DEBUG_INFORMATION_FORMAT = "dwarf-with-dsym";
				ENABLE_BITCODE = NO;
				ENABLE_NS_ASSERTIONS = NO;
				ENABLE_STRICT_OBJC_MSGSEND = YES;
				GCC_C_LANGUAGE_STANDARD = gnu11;
				GCC_NO_COMMON_BLOCKS = YES;
				GCC_WARN_64_TO_32_BIT_CONVERSION = YES;
				GCC_WARN_ABOUT_RETURN_TYPE = YES_ERROR;
				GCC_WARN_UNDECLARED_SELECTOR = YES;
				GCC_WARN_UNINITIALIZED_AUTOS = YES_AGGRESSIVE;
				GCC_WARN_UNUSED_FUNCTION = YES;
				GCC_WARN_UNUSED_VARIABLE = YES;
				IPHONEOS_DEPLOYMENT_TARGET = 11.3;
				MTL_ENABLE_DEBUG_INFO = NO;
				OTHER_LDFLAGS = "-v";
				SDKROOT = iphoneos;
				SWIFT_COMPILATION_MODE = wholemodule;
				SWIFT_OPTIMIZATION_LEVEL = "-O";
				VALIDATE_PRODUCT = YES;
			};
			name = Release;
		};
		F861D7FB207FA4100085E80D /* Debug */ = {
			isa = XCBuildConfiguration;
			baseConfigurationReference = 5E569EE4FA3592292991A393 /* Pods-iosApp.debug.xcconfig */;
			buildSettings = {
				ASSETCATALOG_COMPILER_APPICON_NAME = AppIcon;
				CODE_SIGN_STYLE = Automatic;
				DEVELOPMENT_TEAM = NS5ZYWT25D;
				ENABLE_BITCODE = NO;
				INFOPLIST_FILE = iosApp/Info.plist;
				LD_RUNPATH_SEARCH_PATHS = (
					"$(inherited)",
					"@executable_path/Frameworks",
				);
				OTHER_LDFLAGS = "-v";
				PRODUCT_BUNDLE_IDENTIFIER = com.example.iosApp;
				PRODUCT_NAME = "$(TARGET_NAME)";
				SWIFT_VERSION = 4.0;
				TARGETED_DEVICE_FAMILY = "1,2";
				VALID_ARCHS = "arm64 armv7";
			};
			name = Debug;
		};
		F861D7FC207FA4100085E80D /* Release */ = {
			isa = XCBuildConfiguration;
			baseConfigurationReference = BA6CC8EC1727D396EAEB9793 /* Pods-iosApp.release.xcconfig */;
			buildSettings = {
				ASSETCATALOG_COMPILER_APPICON_NAME = AppIcon;
				CODE_SIGN_STYLE = Automatic;
				DEVELOPMENT_TEAM = NS5ZYWT25D;
				ENABLE_BITCODE = NO;
				INFOPLIST_FILE = iosApp/Info.plist;
				LD_RUNPATH_SEARCH_PATHS = (
					"$(inherited)",
					"@executable_path/Frameworks",
				);
				OTHER_LDFLAGS = "-v";
				PRODUCT_BUNDLE_IDENTIFIER = com.example.iosApp;
				PRODUCT_NAME = "$(TARGET_NAME)";
				SWIFT_VERSION = 4.0;
				TARGETED_DEVICE_FAMILY = "1,2";
				VALID_ARCHS = "arm64 armv7";
			};
			name = Release;
		};
		F861D7FE207FA4100085E80D /* Debug */ = {
			isa = XCBuildConfiguration;
			baseConfigurationReference = 76F8EAB9A3C1708123D5A635 /* Pods-iosAppTests.debug.xcconfig */;
			buildSettings = {
				ALWAYS_EMBED_SWIFT_STANDARD_LIBRARIES = YES;
				BUNDLE_LOADER = "$(TEST_HOST)";
				CODE_SIGN_STYLE = Automatic;
				INFOPLIST_FILE = iosAppTests/Info.plist;
				LD_RUNPATH_SEARCH_PATHS = (
					"$(inherited)",
					"@executable_path/Frameworks",
					"@loader_path/Frameworks",
				);
				PRODUCT_BUNDLE_IDENTIFIER = com.example.iosAppTests;
				PRODUCT_NAME = "$(TARGET_NAME)";
				SWIFT_VERSION = 4.0;
				TARGETED_DEVICE_FAMILY = "1,2";
				TEST_HOST = "$(BUILT_PRODUCTS_DIR)/iosApp.app/iosApp";
			};
			name = Debug;
		};
		F861D7FF207FA4100085E80D /* Release */ = {
			isa = XCBuildConfiguration;
			baseConfigurationReference = 76E6BD9963CC1676192496A6 /* Pods-iosAppTests.release.xcconfig */;
			buildSettings = {
				ALWAYS_EMBED_SWIFT_STANDARD_LIBRARIES = YES;
				BUNDLE_LOADER = "$(TEST_HOST)";
				CODE_SIGN_STYLE = Automatic;
				INFOPLIST_FILE = iosAppTests/Info.plist;
				LD_RUNPATH_SEARCH_PATHS = (
					"$(inherited)",
					"@executable_path/Frameworks",
					"@loader_path/Frameworks",
				);
				PRODUCT_BUNDLE_IDENTIFIER = com.example.iosAppTests;
				PRODUCT_NAME = "$(TARGET_NAME)";
				SWIFT_VERSION = 4.0;
				TARGETED_DEVICE_FAMILY = "1,2";
				TEST_HOST = "$(BUILT_PRODUCTS_DIR)/iosApp.app/iosApp";
			};
			name = Release;
		};
		F861D80F207FA4200085E80D /* Debug */ = {
			isa = XCBuildConfiguration;
			baseConfigurationReference = A777AD0801F2C6E78C4A00B7 /* Pods-app.debug.xcconfig */;
			buildSettings = {
				CODE_SIGN_IDENTITY = "";
				CODE_SIGN_STYLE = Automatic;
				CURRENT_PROJECT_VERSION = 1;
				DEFINES_MODULE = YES;
				DYLIB_COMPATIBILITY_VERSION = 1;
				DYLIB_CURRENT_VERSION = 1;
				DYLIB_INSTALL_NAME_BASE = "@rpath";
				ENABLE_BITCODE = NO;
				INSTALL_PATH = "$(LOCAL_LIBRARY_DIR)/Frameworks";
				KOTLIN_BUILD_TYPE = DEBUG;
				KOTLIN_TARGET = "";
				"KOTLIN_TARGET[sdk=iphoneos*]" = ios;
				"KOTLIN_TARGET[sdk=iphonesimulator*]" = ios;
				LD_RUNPATH_SEARCH_PATHS = (
					"$(inherited)",
					"@executable_path/Frameworks",
					"@loader_path/Frameworks",
				);
				PRODUCT_BUNDLE_IDENTIFIER = com.example.app;
				PRODUCT_NAME = "$(TARGET_NAME:c99extidentifier)";
				SKIP_INSTALL = YES;
				SWIFT_VERSION = 4.0;
				TARGETED_DEVICE_FAMILY = "1,2";
				VERSIONING_SYSTEM = "apple-generic";
				VERSION_INFO_PREFIX = "";
			};
			name = Debug;
		};
		F861D810207FA4200085E80D /* Release */ = {
			isa = XCBuildConfiguration;
			baseConfigurationReference = AB20C31AD1A8F977AD01F195 /* Pods-app.release.xcconfig */;
			buildSettings = {
				CODE_SIGN_IDENTITY = "";
				CODE_SIGN_STYLE = Automatic;
				CURRENT_PROJECT_VERSION = 1;
				DEFINES_MODULE = YES;
				DYLIB_COMPATIBILITY_VERSION = 1;
				DYLIB_CURRENT_VERSION = 1;
				DYLIB_INSTALL_NAME_BASE = "@rpath";
				ENABLE_BITCODE = NO;
				INSTALL_PATH = "$(LOCAL_LIBRARY_DIR)/Frameworks";
				KOTLIN_BUILD_TYPE = RELEASE;
				KOTLIN_TARGET = "";
				"KOTLIN_TARGET[sdk=iphoneos*]" = ios;
				"KOTLIN_TARGET[sdk=iphonesimulator*]" = ios;
				LD_RUNPATH_SEARCH_PATHS = (
					"$(inherited)",
					"@executable_path/Frameworks",
					"@loader_path/Frameworks",
				);
				PRODUCT_BUNDLE_IDENTIFIER = com.example.app;
				PRODUCT_NAME = "$(TARGET_NAME:c99extidentifier)";
				SKIP_INSTALL = YES;
				SWIFT_VERSION = 4.0;
				TARGETED_DEVICE_FAMILY = 1;
				VERSIONING_SYSTEM = "apple-generic";
				VERSION_INFO_PREFIX = "";
			};
			name = Release;
		};
/* End XCBuildConfiguration section */

/* Begin XCConfigurationList section */
		F861D7D8207FA40F0085E80D /* Build configuration list for PBXProject "iosApp" */ = {
			isa = XCConfigurationList;
			buildConfigurations = (
				F861D7F8207FA4100085E80D /* Debug */,
				F861D7F9207FA4100085E80D /* Release */,
			);
			defaultConfigurationIsVisible = 0;
			defaultConfigurationName = Release;
		};
		F861D7FA207FA4100085E80D /* Build configuration list for PBXNativeTarget "iosApp" */ = {
			isa = XCConfigurationList;
			buildConfigurations = (
				F861D7FB207FA4100085E80D /* Debug */,
				F861D7FC207FA4100085E80D /* Release */,
			);
			defaultConfigurationIsVisible = 0;
			defaultConfigurationName = Release;
		};
		F861D7FD207FA4100085E80D /* Build configuration list for PBXNativeTarget "iosAppTests" */ = {
			isa = XCConfigurationList;
			buildConfigurations = (
				F861D7FE207FA4100085E80D /* Debug */,
				F861D7FF207FA4100085E80D /* Release */,
			);
			defaultConfigurationIsVisible = 0;
			defaultConfigurationName = Release;
		};
		F861D80E207FA4200085E80D /* Build configuration list for PBXNativeTarget "app" */ = {
			isa = XCConfigurationList;
			buildConfigurations = (
				F861D80F207FA4200085E80D /* Debug */,
				F861D810207FA4200085E80D /* Release */,
			);
			defaultConfigurationIsVisible = 0;
			defaultConfigurationName = Release;
		};
/* End XCConfigurationList section */
	};
	rootObject = F861D7D5207FA40F0085E80D /* Project object */;
}
